{
  "nodes": {
    "nixos-hardware": {
      "locked": {
        "lastModified": 1606843035,
        "narHash": "sha256-KjfBZWyTzLI8/mGgG1zVK4qIsA853HB/8TYkpZdf/ng=",
        "owner": "NixOS",
        "repo": "nixos-hardware",
        "rev": "025c7a2a7efd9edf341879dbd46988d3a65a76dc",
        "type": "github"
      },
      "original": {
        "owner": "NixOS",
        "repo": "nixos-hardware",
        "type": "github"
      }
    },
    "nixos-stable": {
      "locked": {
        "lastModified": 1606507280,
        "narHash": "sha256-NvYGnD+gdDPVZlzB+t6GS+IC72dmN1sPwiAMrr3I8YQ=",
        "owner": "NixOS",
        "repo": "nixpkgs",
        "rev": "df25e214c8e662d693ef89e45ce56bbf58d6c59e",
        "type": "github"
      },
      "original": {
        "owner": "NixOS",
        "ref": "nixos-20.03",
        "repo": "nixpkgs",
        "type": "github"
      }
    },
    "nixpkgs": {
      "locked": {
        "lastModified": 1607037303,
        "narHash": "sha256-W8JkXp/cefZLecDUTdKMkZruht97kHhP7xuyQOp8LFY=",
        "owner": "miallo",
        "repo": "nixpkgs",
        "rev": "40445840f4039693f7836c42b8d788f1b681732e",
        "type": "github"
      },
      "original": {
        "owner": "miallo",
        "ref": "my-nixos",
        "repo": "nixpkgs",
        "type": "github"
      }
    },
    "root": {
      "inputs": {
        "nixos-hardware": "nixos-hardware",
        "nixos-stable": "nixos-stable",
        "nixpkgs": "nixpkgs"
      }
    }
  },
  "root": "root",
  "version": 7
}
